{
  "pins" : [
    {
      "identity" : "facebook-ios-sdk",
      "kind" : "remoteSourceControl",
      "location" : "https://github.com/facebook/facebook-ios-sdk",
      "state" : {
        "branch" : "main",
        "revision" : "f3c65f6e38a45632c7fd51005fa16175f7d1a125"
      }
    }
  ],
  "version" : 2
}
