PODS:
  - Alamofire (4.9.1)
  - AlamofireImage (3.6.0):
    - Alamofire (~> 4.9)
  - AlignedCollectionViewFlowLayout (1.1.2)
  - AppAuth (1.6.0):
    - AppAuth/Core (= 1.6.0)
    - AppAuth/ExternalUserAgent (= 1.6.0)
  - AppAuth/Core (1.6.0)
  - AppAuth/ExternalUserAgent (1.6.0):
    - AppAuth/Core
  - Cosmos (23.0.0)
  - DropDown (2.3.13)
  - EzPopup (1.2.4)
  - FirebaseCore (10.7.0):
    - FirebaseCoreInternal (~> 10.0)
    - GoogleUtilities/Environment (~> 7.8)
    - GoogleUtilities/Logger (~> 7.8)
  - FirebaseCoreInternal (10.7.0):
    - "GoogleUtilities/NSData+zlib (~> 7.8)"
  - FirebaseDatabase (10.7.0):
    - FirebaseCore (~> 10.0)
    - leveldb-library (~> 1.22)
  - FirebaseDynamicLinks (10.7.0):
    - FirebaseCore (~> 10.0)
  - FirebaseInstallations (10.7.0):
    - FirebaseCore (~> 10.0)
    - GoogleUtilities/Environment (~> 7.8)
    - GoogleUtilities/UserDefaults (~> 7.8)
    - PromisesObjC (~> 2.1)
  - FirebaseMessaging (10.7.0):
    - FirebaseCore (~> 10.0)
    - FirebaseInstallations (~> 10.0)
    - GoogleDataTransport (~> 9.2)
    - GoogleUtilities/AppDelegateSwizzler (~> 7.8)
    - GoogleUtilities/Environment (~> 7.8)
    - GoogleUtilities/Reachability (~> 7.8)
    - GoogleUtilities/UserDefaults (~> 7.8)
    - nanopb (< 2.30910.0, >= 2.30908.0)
  - FTIndicator (1.2.9):
    - FTIndicator/FTNotificationIndicator (= 1.2.9)
    - FTIndicator/FTProgressIndicator (= 1.2.9)
    - FTIndicator/FTToastIndicator (= 1.2.9)
  - FTIndicator/FTNotificationIndicator (1.2.9)
  - FTIndicator/FTProgressIndicator (1.2.9)
  - FTIndicator/FTToastIndicator (1.2.9)
  - GoogleDataTransport (9.2.1):
    - GoogleUtilities/Environment (~> 7.7)
    - nanopb (< 2.30910.0, >= 2.30908.0)
    - PromisesObjC (< 3.0, >= 1.2)
  - GoogleMaps (3.1.0):
    - GoogleMaps/Maps (= 3.1.0)
  - GoogleMaps/Base (3.1.0)
  - GoogleMaps/Maps (3.1.0):
    - GoogleMaps/Base
  - GooglePlacePicker (3.1.0):
    - GoogleMaps (= 3.1.0)
    - GooglePlaces (= 3.1.0)
  - GooglePlaces (3.1.0):
    - GoogleMaps/Base (= 3.1.0)
  - GoogleSignIn (5.0.2):
    - AppAuth (~> 1.2)
    - GTMAppAuth (~> 1.0)
    - GTMSessionFetcher/Core (~> 1.1)
  - GoogleUtilities/AppDelegateSwizzler (7.11.0):
    - GoogleUtilities/Environment
    - GoogleUtilities/Logger
    - GoogleUtilities/Network
  - GoogleUtilities/Environment (7.11.0):
    - PromisesObjC (< 3.0, >= 1.2)
  - GoogleUtilities/Logger (7.11.0):
    - GoogleUtilities/Environment
  - GoogleUtilities/Network (7.11.0):
    - GoogleUtilities/Logger
    - "GoogleUtilities/NSData+zlib"
    - GoogleUtilities/Reachability
  - "GoogleUtilities/NSData+zlib (7.11.0)"
  - GoogleUtilities/Reachability (7.11.0):
    - GoogleUtilities/Logger
  - GoogleUtilities/UserDefaults (7.11.0):
    - GoogleUtilities/Logger
  - GTMAppAuth (1.3.1):
    - AppAuth/Core (~> 1.6)
    - GTMSessionFetcher/Core (< 3.0, >= 1.5)
  - GTMSessionFetcher/Core (1.7.2)
  - IQKeyboardManagerSwift (6.5.11)
  - iRecordView (0.1.4)
  - ISEmojiView (0.3.4)
  - leveldb-library (1.22.1)
  - MOLH (1.4.3)
  - nanopb (2.30909.0):
    - nanopb/decode (= 2.30909.0)
    - nanopb/encode (= 2.30909.0)
  - nanopb/decode (2.30909.0)
  - nanopb/encode (2.30909.0)
  - netfox (1.21.0)
  - NVActivityIndicatorView (5.1.1):
    - NVActivityIndicatorView/Base (= 5.1.1)
  - NVActivityIndicatorView/Base (5.1.1)
  - PaginatedTableView (1.0.1)
  - PromisesObjC (2.2.0)
  - RangeSeekSlider (1.8.0)
  - ScalingCarousel (3.2.0)
  - SDWebImage (4.4.8):
    - SDWebImage/Core (= 4.4.8)
  - SDWebImage/Core (4.4.8)
  - SVProgressHUD (2.2.5)
  - SwiftyGif (5.4.4)
  - TinyConstraints (4.0.2)

DEPENDENCIES:
  - Alamofire
  - AlamofireImage (~> 3.6.0)
  - AlignedCollectionViewFlowLayout
  - Cosmos (~> 23.0)
  - DropDown
  - EzPopup
  - FirebaseCore
  - FirebaseDatabase
  - FirebaseDynamicLinks
  - FirebaseMessaging
  - FTIndicator
  - GoogleMaps
  - GooglePlacePicker
  - GoogleSignIn (~> 5.0)
  - IQKeyboardManagerSwift
  - iRecordView
  - ISEmojiView
  - MOLH
  - netfox
  - NVActivityIndicatorView
  - PaginatedTableView
  - RangeSeekSlider
  - ScalingCarousel
  - SDWebImage (~> 4.0)
  - SVProgressHUD
  - SwiftyGif
  - TinyConstraints

SPEC REPOS:
  trunk:
    - Alamofire
    - AlamofireImage
    - AlignedCollectionViewFlowLayout
    - AppAuth
    - Cosmos
    - DropDown
    - EzPopup
    - FirebaseCore
    - FirebaseCoreInternal
    - FirebaseDatabase
    - FirebaseDynamicLinks
    - FirebaseInstallations
    - FirebaseMessaging
    - FTIndicator
    - GoogleDataTransport
    - GoogleMaps
    - GooglePlacePicker
    - GooglePlaces
    - GoogleSignIn
    - GoogleUtilities
    - GTMAppAuth
    - GTMSessionFetcher
    - IQKeyboardManagerSwift
    - iRecordView
    - ISEmojiView
    - leveldb-library
    - MOLH
    - nanopb
    - netfox
    - NVActivityIndicatorView
    - PaginatedTableView
    - PromisesObjC
    - RangeSeekSlider
    - ScalingCarousel
    - SDWebImage
    - SVProgressHUD
    - SwiftyGif
    - TinyConstraints

SPEC CHECKSUMS:
  Alamofire: 85e8a02c69d6020a0d734f6054870d7ecb75cf18
  AlamofireImage: be9963c6582d68b39e89191f64c82a7d7bf40fdd
  AlignedCollectionViewFlowLayout: ee2ef451e741ec08f8e0967d828001e2f051c20a
  AppAuth: 8fca6b5563a5baef2c04bee27538025e4ceb2add
  Cosmos: b5c6a9a637e28a061b54c8f8b1d8529d7d4db73f
  DropDown: 8a2116376c1981888557f72ec2ffc9a5e0e456ec
  EzPopup: 37f2c40e8ce50412a269bfba365baa7085c28002
  FirebaseCore: e317665b9d744727a97e623edbbed009320afdd7
  FirebaseCoreInternal: 8845798510aae74703467480f71ac613788d0696
  FirebaseDatabase: 06195bac336b5e4c893ec04a111631a4cdb00178
  FirebaseDynamicLinks: 16a8fae3697fba66fed7a1d646fe59f30d42aa31
  FirebaseInstallations: 59c0e4c7a816a0f76710d83f77e5369b3e45eb96
  FirebaseMessaging: ac9062bcc35ed56e15a0241d8fd317022499baf8
  FTIndicator: f7f071fd159e5befa1d040a9ef2e3ab53fa9322c
  GoogleDataTransport: ea169759df570f4e37bdee1623ec32a7e64e67c4
  GoogleMaps: 5c13302e6fe6bb6e686b267196586b91cd594225
  GooglePlacePicker: fa975116ac202ac29822c0a79758ea1c4db5a95f
  GooglePlaces: e874db179f2675c4f3eeda0b686b540273a578b0
  GoogleSignIn: 7137d297ddc022a7e0aa4619c86d72c909fa7213
  GoogleUtilities: c2bdc4cf2ce786c4d2e6b3bcfd599a25ca78f06f
  GTMAppAuth: 0ff230db599948a9ad7470ca667337803b3fc4dd
  GTMSessionFetcher: 5595ec75acf5be50814f81e9189490412bad82ba
  IQKeyboardManagerSwift: c7955c0bdbf7b2eb29bb7daaa44e3d90f55a9a85
  iRecordView: 83aa080ce0c64db443a5f3969e441a7f12f9b8b5
  ISEmojiView: 6055d6e5453056b88edc17ab3bb40f5664cbd2b8
  leveldb-library: 50c7b45cbd7bf543c81a468fe557a16ae3db8729
  MOLH: e45827d200aeb1310641090fd8cd03ad2b42ae72
  nanopb: b552cce312b6c8484180ef47159bc0f65a1f0431
  netfox: 9d5cc727fe7576c4c7688a2504618a156b7d44b7
  NVActivityIndicatorView: 1f6c5687f1171810aa27a3296814dc2d7dec3667
  PaginatedTableView: 294d9831d5ddf5c0dcfbb4a281d4fcfb8d12f55a
  PromisesObjC: 09985d6d70fbe7878040aa746d78236e6946d2ef
  RangeSeekSlider: 650b11fa1edcb92e1e0ede797669d98622570fb5
  ScalingCarousel: d40f0ce438af5cfb2225e2f723f7161597961128
  SDWebImage: 783af2c3fa36291a250030c4752ee370a9a51d13
  SVProgressHUD: 1428aafac632c1f86f62aa4243ec12008d7a51d6
  SwiftyGif: 93a1cc87bf3a51916001cf8f3d63835fb64c819f
  TinyConstraints: 7b7ccc0c485bb3bb47082138ff28bc33cd49897f

PODFILE CHECKSUM: 83113648bdf56d231dbc4ad2e9d9dc7879fb4ebd

COCOAPODS: 1.12.1
